
Microsoft Visual Studio Solution File, Format Version 12.00
# Visual Studio Version 17
VisualStudioVersion = 17.1.32210.238
MinimumVisualStudioVersion = 10.0.40219.1
Project("{FAE04EC0-301F-11D3-BF4B-00C04F79EFBC}") = "papasgrill.app", "papasgrill.app.csproj", "{FD074286-71D5-4720-9F17-E25D9F50BE95}"
	ProjectSection(ProjectDependencies) = postProject
		{AB257400-B953-453C-8765-5C9A1760B387} = {AB257400-B953-453C-8765-5C9A1760B387}
		{DBEAAF27-9EF6-4026-9528-ECF72A05ADC7} = {DBEAAF27-9EF6-4026-9528-ECF72A05ADC7}
		{757D3341-2BDE-4FF9-859C-B3E61AA71FA4} = {757D3341-2BDE-4FF9-859C-B3E61AA71FA4}
		{0FA352A9-46DA-40AB-8F15-D976EACBA97B} = {0FA352A9-46DA-40AB-8F15-D976EACBA97B}
	EndProjectSection
EndProject
Project("{9A19103F-16F7-4668-BE54-9A1E7A4F7556}") = "papasgrill.core", "..\papasgrill.core\papasgrill.core.csproj", "{DBEAAF27-9EF6-4026-9528-ECF72A05ADC7}"
EndProject
Project("{9A19103F-16F7-4668-BE54-9A1E7A4F7556}") = "papasgrill.domain", "..\papasgrill.domain\papasgrill.domain.csproj", "{AB257400-B953-453C-8765-5C9A1760B387}"
EndProject
Project("{9A19103F-16F7-4668-BE54-9A1E7A4F7556}") = "papasgrill.models", "..\papasgrill.models\papasgrill.models.csproj", "{757D3341-2BDE-4FF9-859C-B3E61AA71FA4}"
EndProject
Project("{9A19103F-16F7-4668-BE54-9A1E7A4F7556}") = "papasgrill.utility", "..\papasgrill.utility\papasgrill.utility.csproj", "{0FA352A9-46DA-40AB-8F15-D976EACBA97B}"
EndProject
Global
	GlobalSection(SolutionConfigurationPlatforms) = preSolution
		Debug|Any CPU = Debug|Any CPU
		Release|Any CPU = Release|Any CPU
	EndGlobalSection
	GlobalSection(ProjectConfigurationPlatforms) = postSolution
		{FD074286-71D5-4720-9F17-E25D9F50BE95}.Debug|Any CPU.ActiveCfg = Debug|Any CPU
		{FD074286-71D5-4720-9F17-E25D9F50BE95}.Debug|Any CPU.Build.0 = Debug|Any CPU
		{FD074286-71D5-4720-9F17-E25D9F50BE95}.Release|Any CPU.ActiveCfg = Release|Any CPU
		{FD074286-71D5-4720-9F17-E25D9F50BE95}.Release|Any CPU.Build.0 = Release|Any CPU
		{DBEAAF27-9EF6-4026-9528-ECF72A05ADC7}.Debug|Any CPU.ActiveCfg = Debug|Any CPU
		{DBEAAF27-9EF6-4026-9528-ECF72A05ADC7}.Debug|Any CPU.Build.0 = Debug|Any CPU
		{DBEAAF27-9EF6-4026-9528-ECF72A05ADC7}.Release|Any CPU.ActiveCfg = Release|Any CPU
		{DBEAAF27-9EF6-4026-9528-ECF72A05ADC7}.Release|Any CPU.Build.0 = Release|Any CPU
		{AB257400-B953-453C-8765-5C9A1760B387}.Debug|Any CPU.ActiveCfg = Debug|Any CPU
		{AB257400-B953-453C-8765-5C9A1760B387}.Debug|Any CPU.Build.0 = Debug|Any CPU
		{AB257400-B953-453C-8765-5C9A1760B387}.Release|Any CPU.ActiveCfg = Release|Any CPU
		{AB257400-B953-453C-8765-5C9A1760B387}.Release|Any CPU.Build.0 = Release|Any CPU
		{757D3341-2BDE-4FF9-859C-B3E61AA71FA4}.Debug|Any CPU.ActiveCfg = Debug|Any CPU
		{757D3341-2BDE-4FF9-859C-B3E61AA71FA4}.Debug|Any CPU.Build.0 = Debug|Any CPU
		{757D3341-2BDE-4FF9-859C-B3E61AA71FA4}.Release|Any CPU.ActiveCfg = Release|Any CPU
		{757D3341-2BDE-4FF9-859C-B3E61AA71FA4}.Release|Any CPU.Build.0 = Release|Any CPU
		{0FA352A9-46DA-40AB-8F15-D976EACBA97B}.Debug|Any CPU.ActiveCfg = Debug|Any CPU
		{0FA352A9-46DA-40AB-8F15-D976EACBA97B}.Debug|Any CPU.Build.0 = Debug|Any CPU
		{0FA352A9-46DA-40AB-8F15-D976EACBA97B}.Release|Any CPU.ActiveCfg = Release|Any CPU
		{0FA352A9-46DA-40AB-8F15-D976EACBA97B}.Release|Any CPU.Build.0 = Release|Any CPU
	EndGlobalSection
	GlobalSection(SolutionProperties) = preSolution
		HideSolutionNode = FALSE
	EndGlobalSection
	GlobalSection(ExtensibilityGlobals) = postSolution
		SolutionGuid = {12A07841-F9DF-4B3A-B9BC-D1CD005A442B}
	EndGlobalSection
EndGlobal
