
Microsoft Visual Studio Solution File, Format Version 12.00
# Visual Studio Version 17
VisualStudioVersion = 17.1.32210.238
MinimumVisualStudioVersion = 10.0.40219.1
Project("{FAE04EC0-301F-11D3-BF4B-00C04F79EFBC}") = "papasgrill.app", "papasgrill.app.csproj", "{E4B3A66B-D345-453A-B85B-50C758703259}"
EndProject
Project("{FAE04EC0-301F-11D3-BF4B-00C04F79EFBC}") = "papasgrill.models", "..\papasgrill.models\papasgrill.models.csproj", "{AAC02261-42A9-4798-BB51-37513E29D65D}"
EndProject
Project("{FAE04EC0-301F-11D3-BF4B-00C04F79EFBC}") = "papasgrill.utility", "..\papasgrill.utility\papasgrill.utility.csproj", "{51BEA338-DA0D-4E74-8E81-BF541CD6C7F8}"
EndProject
Project("{FAE04EC0-301F-11D3-BF4B-00C04F79EFBC}") = "papasgrill.core", "..\papasgrill.core\papasgrill.core.csproj", "{65D2AB30-A9F3-4341-BA4D-109E145D58EC}"
EndProject
Project("{FAE04EC0-301F-11D3-BF4B-00C04F79EFBC}") = "papasgrill.domain", "..\papasgrill.domain\papasgrill.domain.csproj", "{F8A14C6B-54EC-46FE-9659-61A36C4FB0F1}"
EndProject
Global
	GlobalSection(SolutionConfigurationPlatforms) = preSolution
		Debug|Any CPU = Debug|Any CPU
		Release|Any CPU = Release|Any CPU
	EndGlobalSection
	GlobalSection(ProjectConfigurationPlatforms) = postSolution
		{E4B3A66B-D345-453A-B85B-50C758703259}.Debug|Any CPU.ActiveCfg = Debug|Any CPU
		{E4B3A66B-D345-453A-B85B-50C758703259}.Debug|Any CPU.Build.0 = Debug|Any CPU
		{E4B3A66B-D345-453A-B85B-50C758703259}.Release|Any CPU.ActiveCfg = Release|Any CPU
		{E4B3A66B-D345-453A-B85B-50C758703259}.Release|Any CPU.Build.0 = Release|Any CPU
		{AAC02261-42A9-4798-BB51-37513E29D65D}.Debug|Any CPU.ActiveCfg = Debug|Any CPU
		{AAC02261-42A9-4798-BB51-37513E29D65D}.Debug|Any CPU.Build.0 = Debug|Any CPU
		{AAC02261-42A9-4798-BB51-37513E29D65D}.Release|Any CPU.ActiveCfg = Release|Any CPU
		{AAC02261-42A9-4798-BB51-37513E29D65D}.Release|Any CPU.Build.0 = Release|Any CPU
		{51BEA338-DA0D-4E74-8E81-BF541CD6C7F8}.Debug|Any CPU.ActiveCfg = Debug|Any CPU
		{51BEA338-DA0D-4E74-8E81-BF541CD6C7F8}.Debug|Any CPU.Build.0 = Debug|Any CPU
		{51BEA338-DA0D-4E74-8E81-BF541CD6C7F8}.Release|Any CPU.ActiveCfg = Release|Any CPU
		{51BEA338-DA0D-4E74-8E81-BF541CD6C7F8}.Release|Any CPU.Build.0 = Release|Any CPU
		{65D2AB30-A9F3-4341-BA4D-109E145D58EC}.Debug|Any CPU.ActiveCfg = Debug|Any CPU
		{65D2AB30-A9F3-4341-BA4D-109E145D58EC}.Debug|Any CPU.Build.0 = Debug|Any CPU
		{65D2AB30-A9F3-4341-BA4D-109E145D58EC}.Release|Any CPU.ActiveCfg = Release|Any CPU
		{65D2AB30-A9F3-4341-BA4D-109E145D58EC}.Release|Any CPU.Build.0 = Release|Any CPU
		{F8A14C6B-54EC-46FE-9659-61A36C4FB0F1}.Debug|Any CPU.ActiveCfg = Debug|Any CPU
		{F8A14C6B-54EC-46FE-9659-61A36C4FB0F1}.Debug|Any CPU.Build.0 = Debug|Any CPU
		{F8A14C6B-54EC-46FE-9659-61A36C4FB0F1}.Release|Any CPU.ActiveCfg = Release|Any CPU
		{F8A14C6B-54EC-46FE-9659-61A36C4FB0F1}.Release|Any CPU.Build.0 = Release|Any CPU
	EndGlobalSection
	GlobalSection(SolutionProperties) = preSolution
		HideSolutionNode = FALSE
	EndGlobalSection
	GlobalSection(ExtensibilityGlobals) = postSolution
		SolutionGuid = {75D64ADA-87C5-4A38-930D-8B3051868EFF}
	EndGlobalSection
EndGlobal
